
Microsoft Visual Studio Solution File, Format Version 12.00
# Visual Studio Version 17
VisualStudioVersion = 17.3.32929.385
MinimumVisualStudioVersion = 10.0.40219.1
Project("{FAE04EC0-301F-11D3-BF4B-00C04F79EFBC}") = "multiplayercards", "multiplayercards\multiplayercards.csproj", "{BCBD23C3-D38C-4479-9492-F11365100DAC}"
EndProject
Project("{FAE04EC0-301F-11D3-BF4B-00C04F79EFBC}") = "TestMultiplayerCard", "TestMultiplayerCard\TestMultiplayerCard.csproj", "{D67877D4-8CD4-4FB0-A1D8-3C7020A6DEF7}"
EndProject
Global
	GlobalSection(SolutionConfigurationPlatforms) = preSolution
		Debug|Any CPU = Debug|Any CPU
		Release|Any CPU = Release|Any CPU
	EndGlobalSection
	GlobalSection(ProjectConfigurationPlatforms) = postSolution
		{BCBD23C3-D38C-4479-9492-F11365100DAC}.Debug|Any CPU.ActiveCfg = Debug|Any CPU
		{BCBD23C3-D38C-4479-9492-F11365100DAC}.Debug|Any CPU.Build.0 = Debug|Any CPU
		{BCBD23C3-D38C-4479-9492-F11365100DAC}.Release|Any CPU.ActiveCfg = Release|Any CPU
		{BCBD23C3-D38C-4479-9492-F11365100DAC}.Release|Any CPU.Build.0 = Release|Any CPU
		{D67877D4-8CD4-4FB0-A1D8-3C7020A6DEF7}.Debug|Any CPU.ActiveCfg = Debug|Any CPU
		{D67877D4-8CD4-4FB0-A1D8-3C7020A6DEF7}.Debug|Any CPU.Build.0 = Debug|Any CPU
		{D67877D4-8CD4-4FB0-A1D8-3C7020A6DEF7}.Release|Any CPU.ActiveCfg = Release|Any CPU
		{D67877D4-8CD4-4FB0-A1D8-3C7020A6DEF7}.Release|Any CPU.Build.0 = Release|Any CPU
	EndGlobalSection
	GlobalSection(SolutionProperties) = preSolution
		HideSolutionNode = FALSE
	EndGlobalSection
	GlobalSection(ExtensibilityGlobals) = postSolution
		SolutionGuid = {28A8CA16-A9E8-458D-AA9C-0E51C5CDD97F}
	EndGlobalSection
EndGlobal
